
Microsoft Visual Studio Solution File, Format Version 12.00
# Visual Studio Version 17
VisualStudioVersion = 17.13.35806.99
MinimumVisualStudioVersion = 10.0.40219.1
Project("{FAE04EC0-301F-11D3-BF4B-00C04F79EFBC}") = "1. Introduction to OOP. Classes and objects", "1 Introduction to OOP Classes and objects\1. Introduction to OOP. Classes and objects.csproj", "{ACD30D2D-EF62-4C3F-8D59-6848599094C8}"
EndProject
Project("{FAE04EC0-301F-11D3-BF4B-00C04F79EFBC}") = "2. Classes and objects. Class diagrams", "2. Classes and objects. Class diagrams\2. Classes and objects. Class diagrams.csproj", "{50F75D6F-7DA3-4519-A46F-4EB16FD89380}"
EndProject
Project("{FAE04EC0-301F-11D3-BF4B-00C04F79EFBC}") = "3. Inheritance  and polymorphism", "3. Inheritance  and polymorphism\3. Inheritance  and polymorphism.csproj", "{CF6A10DB-4A74-4717-B4FE-2ADE634C7C66}"
EndProject
Project("{FAE04EC0-301F-11D3-BF4B-00C04F79EFBC}") = "4. Abstraction. Abstract classes and interfaces", "4. Abstraction. Abstract classes and interfaces\4. Abstraction. Abstract classes and interfaces.csproj", "{D7114B79-5C19-49CF-9A2B-3A181DFCEA7A}"
EndProject
Project("{FAE04EC0-301F-11D3-BF4B-00C04F79EFBC}") = "5. Arrays and indexers", "5. Arrays and indexers\5. Arrays and indexers.csproj", "{92309C34-718A-4E99-AE3C-4E85DD462E44}"
EndProject
Project("{FAE04EC0-301F-11D3-BF4B-00C04F79EFBC}") = "6. Static and nested classes", "6 part\6. Static and nested classes.csproj", "{27EFF944-3A9E-4985-B046-ABB746C83E04}"
EndProject
Project("{FAE04EC0-301F-11D3-BF4B-00C04F79EFBC}") = "7. Structures and their types", "7. Structures and their types\7. Structures and their types.csproj", "{6195EBF0-74FD-40E6-A8BB-A9AA466B3FFC}"
EndProject
Global
	GlobalSection(SolutionConfigurationPlatforms) = preSolution
		Debug|Any CPU = Debug|Any CPU
		Release|Any CPU = Release|Any CPU
	EndGlobalSection
	GlobalSection(ProjectConfigurationPlatforms) = postSolution
		{ACD30D2D-EF62-4C3F-8D59-6848599094C8}.Debug|Any CPU.ActiveCfg = Debug|Any CPU
		{ACD30D2D-EF62-4C3F-8D59-6848599094C8}.Debug|Any CPU.Build.0 = Debug|Any CPU
		{ACD30D2D-EF62-4C3F-8D59-6848599094C8}.Release|Any CPU.ActiveCfg = Release|Any CPU
		{ACD30D2D-EF62-4C3F-8D59-6848599094C8}.Release|Any CPU.Build.0 = Release|Any CPU
		{50F75D6F-7DA3-4519-A46F-4EB16FD89380}.Debug|Any CPU.ActiveCfg = Debug|Any CPU
		{50F75D6F-7DA3-4519-A46F-4EB16FD89380}.Debug|Any CPU.Build.0 = Debug|Any CPU
		{50F75D6F-7DA3-4519-A46F-4EB16FD89380}.Release|Any CPU.ActiveCfg = Release|Any CPU
		{50F75D6F-7DA3-4519-A46F-4EB16FD89380}.Release|Any CPU.Build.0 = Release|Any CPU
		{CF6A10DB-4A74-4717-B4FE-2ADE634C7C66}.Debug|Any CPU.ActiveCfg = Debug|Any CPU
		{CF6A10DB-4A74-4717-B4FE-2ADE634C7C66}.Debug|Any CPU.Build.0 = Debug|Any CPU
		{CF6A10DB-4A74-4717-B4FE-2ADE634C7C66}.Release|Any CPU.ActiveCfg = Release|Any CPU
		{CF6A10DB-4A74-4717-B4FE-2ADE634C7C66}.Release|Any CPU.Build.0 = Release|Any CPU
		{D7114B79-5C19-49CF-9A2B-3A181DFCEA7A}.Debug|Any CPU.ActiveCfg = Debug|Any CPU
		{D7114B79-5C19-49CF-9A2B-3A181DFCEA7A}.Debug|Any CPU.Build.0 = Debug|Any CPU
		{D7114B79-5C19-49CF-9A2B-3A181DFCEA7A}.Release|Any CPU.ActiveCfg = Release|Any CPU
		{D7114B79-5C19-49CF-9A2B-3A181DFCEA7A}.Release|Any CPU.Build.0 = Release|Any CPU
		{92309C34-718A-4E99-AE3C-4E85DD462E44}.Debug|Any CPU.ActiveCfg = Debug|Any CPU
		{92309C34-718A-4E99-AE3C-4E85DD462E44}.Debug|Any CPU.Build.0 = Debug|Any CPU
		{92309C34-718A-4E99-AE3C-4E85DD462E44}.Release|Any CPU.ActiveCfg = Release|Any CPU
		{92309C34-718A-4E99-AE3C-4E85DD462E44}.Release|Any CPU.Build.0 = Release|Any CPU
		{27EFF944-3A9E-4985-B046-ABB746C83E04}.Debug|Any CPU.ActiveCfg = Debug|Any CPU
		{27EFF944-3A9E-4985-B046-ABB746C83E04}.Debug|Any CPU.Build.0 = Debug|Any CPU
		{27EFF944-3A9E-4985-B046-ABB746C83E04}.Release|Any CPU.ActiveCfg = Release|Any CPU
		{27EFF944-3A9E-4985-B046-ABB746C83E04}.Release|Any CPU.Build.0 = Release|Any CPU
		{6195EBF0-74FD-40E6-A8BB-A9AA466B3FFC}.Debug|Any CPU.ActiveCfg = Debug|Any CPU
		{6195EBF0-74FD-40E6-A8BB-A9AA466B3FFC}.Debug|Any CPU.Build.0 = Debug|Any CPU
		{6195EBF0-74FD-40E6-A8BB-A9AA466B3FFC}.Release|Any CPU.ActiveCfg = Release|Any CPU
		{6195EBF0-74FD-40E6-A8BB-A9AA466B3FFC}.Release|Any CPU.Build.0 = Release|Any CPU
	EndGlobalSection
	GlobalSection(SolutionProperties) = preSolution
		HideSolutionNode = FALSE
	EndGlobalSection
	GlobalSection(ExtensibilityGlobals) = postSolution
		SolutionGuid = {927DC19B-F6D0-4A1C-B9D3-29970F21E9EC}
	EndGlobalSection
EndGlobal
