
Microsoft Visual Studio Solution File, Format Version 12.00
# Visual Studio Version 17
VisualStudioVersion = 17.13.35806.99
MinimumVisualStudioVersion = 10.0.40219.1
Project("{FAE04EC0-301F-11D3-BF4B-00C04F79EFBC}") = "1. Introduction to OOP. Classes and objects", "1 Introduction to OOP Classes and objects\1. Introduction to OOP. Classes and objects.csproj", "{ACD30D2D-EF62-4C3F-8D59-6848599094C8}"
EndProject
Project("{FAE04EC0-301F-11D3-BF4B-00C04F79EFBC}") = "2. Classes and objects. Class diagrams", "2. Classes and objects. Class diagrams\2. Classes and objects. Class diagrams.csproj", "{50F75D6F-7DA3-4519-A46F-4EB16FD89380}"
EndProject
Project("{FAE04EC0-301F-11D3-BF4B-00C04F79EFBC}") = "4. Abstraction. Abstract classes and interfaces", "4. Abstraction. Abstract classes and interfaces\4. Abstraction. Abstract classes and interfaces.csproj", "{D7114B79-5C19-49CF-9A2B-3A181DFCEA7A}"
EndProject
Project("{FAE04EC0-301F-11D3-BF4B-00C04F79EFBC}") = "5. Arrays and indexers", "5. Arrays and indexers\5. Arrays and indexers.csproj", "{92309C34-718A-4E99-AE3C-4E85DD462E44}"
EndProject
Project("{FAE04EC0-301F-11D3-BF4B-00C04F79EFBC}") = "6. Static and nested classes", "6 part\6. Static and nested classes.csproj", "{27EFF944-3A9E-4985-B046-ABB746C83E04}"
EndProject
Project("{FAE04EC0-301F-11D3-BF4B-00C04F79EFBC}") = "7. Structures and their types", "7. Structures and their types\7. Structures and their types.csproj", "{6195EBF0-74FD-40E6-A8BB-A9AA466B3FFC}"
EndProject
Project("{FAE04EC0-301F-11D3-BF4B-00C04F79EFBC}") = "8. Enumeration", "8. Enumeration\8. Enumeration.csproj", "{5783418D-80C3-446C-9464-99FEFC758060}"
EndProject
Project("{FAE04EC0-301F-11D3-BF4B-00C04F79EFBC}") = "9. Delegates", "9. Delegates\9. Delegates.csproj", "{9E3AA239-5205-4814-A1C8-67FC14481171}"
EndProject
Project("{FAE04EC0-301F-11D3-BF4B-00C04F79EFBC}") = "10. Generic", "10. Generic\10. Generic.csproj", "{3D223B0E-637E-4FDB-BBB5-469BE5E5702F}"
EndProject
Project("{FAE04EC0-301F-11D3-BF4B-00C04F79EFBC}") = "11. Generic Constraints", "11. Generic Constraints\11. Generic Constraints.csproj", "{176ADA5A-9822-4B95-AE59-BBA8ACE0F96B}"
EndProject
Project("{FAE04EC0-301F-11D3-BF4B-00C04F79EFBC}") = "Exceptions", "Exceptions\Exceptions.csproj", "{B447209C-A4F8-441F-85E5-DB0A7216CE76}"
EndProject
Global
	GlobalSection(SolutionConfigurationPlatforms) = preSolution
		Debug|Any CPU = Debug|Any CPU
		Release|Any CPU = Release|Any CPU
	EndGlobalSection
	GlobalSection(ProjectConfigurationPlatforms) = postSolution
		{ACD30D2D-EF62-4C3F-8D59-6848599094C8}.Debug|Any CPU.ActiveCfg = Debug|Any CPU
		{ACD30D2D-EF62-4C3F-8D59-6848599094C8}.Debug|Any CPU.Build.0 = Debug|Any CPU
		{ACD30D2D-EF62-4C3F-8D59-6848599094C8}.Release|Any CPU.ActiveCfg = Release|Any CPU
		{ACD30D2D-EF62-4C3F-8D59-6848599094C8}.Release|Any CPU.Build.0 = Release|Any CPU
		{50F75D6F-7DA3-4519-A46F-4EB16FD89380}.Debug|Any CPU.ActiveCfg = Debug|Any CPU
		{50F75D6F-7DA3-4519-A46F-4EB16FD89380}.Debug|Any CPU.Build.0 = Debug|Any CPU
		{50F75D6F-7DA3-4519-A46F-4EB16FD89380}.Release|Any CPU.ActiveCfg = Release|Any CPU
		{50F75D6F-7DA3-4519-A46F-4EB16FD89380}.Release|Any CPU.Build.0 = Release|Any CPU
		{D7114B79-5C19-49CF-9A2B-3A181DFCEA7A}.Debug|Any CPU.ActiveCfg = Debug|Any CPU
		{D7114B79-5C19-49CF-9A2B-3A181DFCEA7A}.Debug|Any CPU.Build.0 = Debug|Any CPU
		{D7114B79-5C19-49CF-9A2B-3A181DFCEA7A}.Release|Any CPU.ActiveCfg = Release|Any CPU
		{D7114B79-5C19-49CF-9A2B-3A181DFCEA7A}.Release|Any CPU.Build.0 = Release|Any CPU
		{92309C34-718A-4E99-AE3C-4E85DD462E44}.Debug|Any CPU.ActiveCfg = Debug|Any CPU
		{92309C34-718A-4E99-AE3C-4E85DD462E44}.Debug|Any CPU.Build.0 = Debug|Any CPU
		{92309C34-718A-4E99-AE3C-4E85DD462E44}.Release|Any CPU.ActiveCfg = Release|Any CPU
		{92309C34-718A-4E99-AE3C-4E85DD462E44}.Release|Any CPU.Build.0 = Release|Any CPU
		{27EFF944-3A9E-4985-B046-ABB746C83E04}.Debug|Any CPU.ActiveCfg = Debug|Any CPU
		{27EFF944-3A9E-4985-B046-ABB746C83E04}.Debug|Any CPU.Build.0 = Debug|Any CPU
		{27EFF944-3A9E-4985-B046-ABB746C83E04}.Release|Any CPU.ActiveCfg = Release|Any CPU
		{27EFF944-3A9E-4985-B046-ABB746C83E04}.Release|Any CPU.Build.0 = Release|Any CPU
		{6195EBF0-74FD-40E6-A8BB-A9AA466B3FFC}.Debug|Any CPU.ActiveCfg = Debug|Any CPU
		{6195EBF0-74FD-40E6-A8BB-A9AA466B3FFC}.Debug|Any CPU.Build.0 = Debug|Any CPU
		{6195EBF0-74FD-40E6-A8BB-A9AA466B3FFC}.Release|Any CPU.ActiveCfg = Release|Any CPU
		{6195EBF0-74FD-40E6-A8BB-A9AA466B3FFC}.Release|Any CPU.Build.0 = Release|Any CPU
		{5783418D-80C3-446C-9464-99FEFC758060}.Debug|Any CPU.ActiveCfg = Debug|Any CPU
		{5783418D-80C3-446C-9464-99FEFC758060}.Debug|Any CPU.Build.0 = Debug|Any CPU
		{5783418D-80C3-446C-9464-99FEFC758060}.Release|Any CPU.ActiveCfg = Release|Any CPU
		{5783418D-80C3-446C-9464-99FEFC758060}.Release|Any CPU.Build.0 = Release|Any CPU
		{9E3AA239-5205-4814-A1C8-67FC14481171}.Debug|Any CPU.ActiveCfg = Debug|Any CPU
		{9E3AA239-5205-4814-A1C8-67FC14481171}.Debug|Any CPU.Build.0 = Debug|Any CPU
		{9E3AA239-5205-4814-A1C8-67FC14481171}.Release|Any CPU.ActiveCfg = Release|Any CPU
		{9E3AA239-5205-4814-A1C8-67FC14481171}.Release|Any CPU.Build.0 = Release|Any CPU
		{3D223B0E-637E-4FDB-BBB5-469BE5E5702F}.Debug|Any CPU.ActiveCfg = Debug|Any CPU
		{3D223B0E-637E-4FDB-BBB5-469BE5E5702F}.Debug|Any CPU.Build.0 = Debug|Any CPU
		{3D223B0E-637E-4FDB-BBB5-469BE5E5702F}.Release|Any CPU.ActiveCfg = Release|Any CPU
		{3D223B0E-637E-4FDB-BBB5-469BE5E5702F}.Release|Any CPU.Build.0 = Release|Any CPU
		{176ADA5A-9822-4B95-AE59-BBA8ACE0F96B}.Debug|Any CPU.ActiveCfg = Debug|Any CPU
		{176ADA5A-9822-4B95-AE59-BBA8ACE0F96B}.Debug|Any CPU.Build.0 = Debug|Any CPU
		{176ADA5A-9822-4B95-AE59-BBA8ACE0F96B}.Release|Any CPU.ActiveCfg = Release|Any CPU
		{176ADA5A-9822-4B95-AE59-BBA8ACE0F96B}.Release|Any CPU.Build.0 = Release|Any CPU
		{B447209C-A4F8-441F-85E5-DB0A7216CE76}.Debug|Any CPU.ActiveCfg = Debug|Any CPU
		{B447209C-A4F8-441F-85E5-DB0A7216CE76}.Debug|Any CPU.Build.0 = Debug|Any CPU
		{B447209C-A4F8-441F-85E5-DB0A7216CE76}.Release|Any CPU.ActiveCfg = Release|Any CPU
		{B447209C-A4F8-441F-85E5-DB0A7216CE76}.Release|Any CPU.Build.0 = Release|Any CPU
	EndGlobalSection
	GlobalSection(SolutionProperties) = preSolution
		HideSolutionNode = FALSE
	EndGlobalSection
	GlobalSection(ExtensibilityGlobals) = postSolution
		SolutionGuid = {927DC19B-F6D0-4A1C-B9D3-29970F21E9EC}
	EndGlobalSection
EndGlobal
